// !$*UTF8*$!
{
	archiveVersion = 1;
	classes = {
	};
	objectVersion = 50;
	objects = {

/* Begin PBXBuildFile section */
		307C03FB2187F99000C7B5BE /* AddQViewController.swift in Sources */ = {isa = PBXBuildFile; fileRef = 307C03FA2187F99000C7B5BE /* AddQViewController.swift */; };
		30F37289218425FA00AF7DF5 /* AppDelegate.swift in Sources */ = {isa = PBXBuildFile; fileRef = 30F37288218425FA00AF7DF5 /* AppDelegate.swift */; };
		30F3728B218425FA00AF7DF5 /* ViewController.swift in Sources */ = {isa = PBXBuildFile; fileRef = 30F3728A218425FA00AF7DF5 /* ViewController.swift */; };
		30F3728E218425FA00AF7DF5 /* Main.storyboard in Resources */ = {isa = PBXBuildFile; fileRef = 30F3728C218425FA00AF7DF5 /* Main.storyboard */; };
		30F37290218425FC00AF7DF5 /* Assets.xcassets in Resources */ = {isa = PBXBuildFile; fileRef = 30F3728F218425FC00AF7DF5 /* Assets.xcassets */; };
		30F37293218425FC00AF7DF5 /* LaunchScreen.storyboard in Resources */ = {isa = PBXBuildFile; fileRef = 30F37291218425FC00AF7DF5 /* LaunchScreen.storyboard */; };
/* End PBXBuildFile section */

/* Begin PBXFileReference section */
		307C03FA2187F99000C7B5BE /* AddQViewController.swift */ = {isa = PBXFileReference; lastKnownFileType = sourcecode.swift; path = AddQViewController.swift; sourceTree = "<group>"; };
		30F37285218425FA00AF7DF5 /* MaruBatuApp.app */ = {isa = PBXFileReference; explicitFileType = wrapper.application; includeInIndex = 0; path = MaruBatuApp.app; sourceTree = BUILT_PRODUCTS_DIR; };
		30F37288218425FA00AF7DF5 /* AppDelegate.swift */ = {isa = PBXFileReference; lastKnownFileType = sourcecode.swift; path = AppDelegate.swift; sourceTree = "<group>"; };
		30F3728A218425FA00AF7DF5 /* ViewController.swift */ = {isa = PBXFileReference; lastKnownFileType = sourcecode.swift; path = ViewController.swift; sourceTree = "<group>"; };
		30F3728D218425FA00AF7DF5 /* Base */ = {isa = PBXFileReference; lastKnownFileType = file.storyboard; name = Base; path = Base.lproj/Main.storyboard; sourceTree = "<group>"; };
		30F3728F218425FC00AF7DF5 /* Assets.xcassets */ = {isa = PBXFileReference; lastKnownFileType = folder.assetcatalog; path = Assets.xcassets; sourceTree = "<group>"; };
		30F37292218425FC00AF7DF5 /* Base */ = {isa = PBXFileReference; lastKnownFileType = file.storyboard; name = Base; path = Base.lproj/LaunchScreen.storyboard; sourceTree = "<group>"; };
		30F37294218425FC00AF7DF5 /* Info.plist */ = {isa = PBXFileReference; lastKnownFileType = text.plist.xml; path = Info.plist; sourceTree = "<group>"; };
/* End PBXFileReference section */

/* Begin PBXFrameworksBuildPhase section */
		30F37282218425FA00AF7DF5 /* Frameworks */ = {
			isa = PBXFrameworksBuildPhase;
			buildActionMask = 2147483647;
			files = (
			);
			runOnlyForDeploymentPostprocessing = 0;
		};
/* End PBXFrameworksBuildPhase section */

/* Begin PBXGroup section */
		30F3727C218425FA00AF7DF5 = {
			isa = PBXGroup;
			children = (
				30F37287218425FA00AF7DF5 /* MaruBatuApp */,
				30F37286218425FA00AF7DF5 /* Products */,
			);
			sourceTree = "<group>";
		};
		30F37286218425FA00AF7DF5 /* Products */ = {
			isa = PBXGroup;
			children = (
				30F37285218425FA00AF7DF5 /* MaruBatuApp.app */,
			);
			name = Products;
			sourceTree = "<group>";
		};
		30F37287218425FA00AF7DF5 /* MaruBatuApp */ = {
			isa = PBXGroup;
			children = (
				30F37288218425FA00AF7DF5 /* AppDelegate.swift */,
				30F3728A218425FA00AF7DF5 /* ViewController.swift */,
				30F3728C218425FA00AF7DF5 /* Main.storyboard */,
				30F3728F218425FC00AF7DF5 /* Assets.xcassets */,
				30F37291218425FC00AF7DF5 /* LaunchScreen.storyboard */,
				30F37294218425FC00AF7DF5 /* Info.plist */,
				307C03FA2187F99000C7B5BE /* AddQViewController.swift */,
			);
			path = MaruBatuApp;
			sourceTree = "<group>";
		};
/* End PBXGroup section */

/* Begin PBXNativeTarget section */
		30F37284218425FA00AF7DF5 /* MaruBatuApp */ = {
			isa = PBXNativeTarget;
			buildConfigurationList = 30F37297218425FC00AF7DF5 /* Build configuration list for PBXNativeTarget "MaruBatuApp" */;
			buildPhases = (
				30F37281218425FA00AF7DF5 /* Sources */,
				30F37282218425FA00AF7DF5 /* Frameworks */,
				30F37283218425FA00AF7DF5 /* Resources */,
			);
			buildRules = (
			);
			dependencies = (
			);
			name = MaruBatuApp;
			productName = MaruBatuApp;
			productReference = 30F37285218425FA00AF7DF5 /* MaruBatuApp.app */;
			productType = "com.apple.product-type.application";
		};
/* End PBXNativeTarget section */

/* Begin PBXProject section */
		30F3727D218425FA00AF7DF5 /* Project object */ = {
			isa = PBXProject;
			attributes = {
				LastSwiftUpdateCheck = 1000;
				LastUpgradeCheck = 1000;
				ORGANIZATIONNAME = "Yoshiaki Kato";
				TargetAttributes = {
					30F37284218425FA00AF7DF5 = {
						CreatedOnToolsVersion = 10.0;
					};
				};
			};
			buildConfigurationList = 30F37280218425FA00AF7DF5 /* Build configuration list for PBXProject "MaruBatuApp" */;
			compatibilityVersion = "Xcode 9.3";
			developmentRegion = en;
			hasScannedForEncodings = 0;
			knownRegions = (
				en,
				Base,
			);
			mainGroup = 30F3727C218425FA00AF7DF5;
			productRefGroup = 30F37286218425FA00AF7DF5 /* Products */;
			projectDirPath = "";
			projectRoot = "";
			targets = (
				30F37284218425FA00AF7DF5 /* MaruBatuApp */,
			);
		};
/* End PBXProject section */

/* Begin PBXResourcesBuildPhase section */
		30F37283218425FA00AF7DF5 /* Resources */ = {
			isa = PBXResourcesBuildPhase;
			buildActionMask = 2147483647;
			files = (
				30F37293218425FC00AF7DF5 /* LaunchScreen.storyboard in Resources */,
				30F37290218425FC00AF7DF5 /* Assets.xcassets in Resources */,
				30F3728E218425FA00AF7DF5 /* Main.storyboard in Resources */,
			);
			runOnlyForDeploymentPostprocessing = 0;
		};
/* End PBXResourcesBuildPhase section */

/* Begin PBXSourcesBuildPhase section */
		30F37281218425FA00AF7DF5 /* Sources */ = {
			isa = PBXSourcesBuildPhase;
			buildActionMask = 2147483647;
			files = (
				30F3728B218425FA00AF7DF5 /* ViewController.swift in Sources */,
				30F37289218425FA00AF7DF5 /* AppDelegate.swift in Sources */,
				307C03FB2187F99000C7B5BE /* AddQViewController.swift in Sources */,
			);
			runOnlyForDeploymentPostprocessing = 0;
		};
/* End PBXSourcesBuildPhase section */

/* Begin PBXVariantGroup section */
		30F3728C218425FA00AF7DF5 /* Main.storyboard */ = {
			isa = PBXVariantGroup;
			children = (
				30F3728D218425FA00AF7DF5 /* Base */,
			);
			name = Main.storyboard;
			sourceTree = "<group>";
		};
		30F37291218425FC00AF7DF5 /* LaunchScreen.storyboard */ = {
			isa = PBXVariantGroup;
			children = (
				30F37292218425FC00AF7DF5 /* Base */,
			);
			name = LaunchScreen.storyboard;
			sourceTree = "<group>";
		};
/* End PBXVariantGroup section */

/* Begin XCBuildConfiguration section */
		30F37295218425FC00AF7DF5 /* Debug */ = {
			isa = XCBuildConfiguration;
			buildSettings = {
				ALWAYS_SEARCH_USER_PATHS = NO;
				CLANG_ANALYZER_NONNULL = YES;
				CLANG_ANALYZER_NUMBER_OBJECT_CONVERSION = YES_AGGRESSIVE;
				CLANG_CXX_LANGUAGE_STANDARD = "gnu++14";
				CLANG_CXX_LIBRARY = "libc++";
				CLANG_ENABLE_MODULES = YES;
				CLANG_ENABLE_OBJC_ARC = YES;
				CLANG_ENABLE_OBJC_WEAK = YES;
				CLANG_WARN_BLOCK_CAPTURE_AUTORELEASING = YES;
				CLANG_WARN_BOOL_CONVERSION = YES;
				CLANG_WARN_COMMA = YES;
				CLANG_WARN_CONSTANT_CONVERSION = YES;
				CLANG_WARN_DEPRECATED_OBJC_IMPLEMENTATIONS = YES;
				CLANG_WARN_DIRECT_OBJC_ISA_USAGE = YES_ERROR;
				CLANG_WARN_DOCUMENTATION_COMMENTS = YES;
				CLANG_WARN_EMPTY_BODY = YES;
				CLANG_WARN_ENUM_CONVERSION = YES;
				CLANG_WARN_INFINITE_RECURSION = YES;
				CLANG_WARN_INT_CONVERSION = YES;
				CLANG_WARN_NON_LITERAL_NULL_CONVERSION = YES;
				CLANG_WARN_OBJC_IMPLICIT_RETAIN_SELF = YES;
				CLANG_WARN_OBJC_LITERAL_CONVERSION = YES;
				CLANG_WARN_OBJC_ROOT_CLASS = YES_ERROR;
				CLANG_WARN_RANGE_LOOP_ANALYSIS = YES;
				CLANG_WARN_STRICT_PROTOTYPES = YES;
				CLANG_WARN_SUSPICIOUS_MOVE = YES;
				CLANG_WARN_UNGUARDED_AVAILABILITY = YES_AGGRESSIVE;
				CLANG_WARN_UNREACHABLE_CODE = YES;
				CLANG_WARN__DUPLICATE_METHOD_MATCH = YES;
				CODE_SIGN_IDENTITY = "iPhone Developer";
				COPY_PHASE_STRIP = NO;
				DEBUG_INFORMATION_FORMAT = dwarf;
				ENABLE_STRICT_OBJC_MSGSEND = YES;
				ENABLE_TESTABILITY = YES;
				GCC_C_LANGUAGE_STANDARD = gnu11;
				GCC_DYNAMIC_NO_PIC = NO;
				GCC_NO_COMMON_BLOCKS = YES;
				GCC_OPTIMIZATION_LEVEL = 0;
				GCC_PREPROCESSOR_DEFINITIONS = (
					"DEBUG=1",
					"$(inherited)",
				);
				GCC_WARN_64_TO_32_BIT_CONVERSION = YES;
				GCC_WARN_ABOUT_RETURN_TYPE = YES_ERROR;
				GCC_WARN_UNDECLARED_SELECTOR = YES;
				GCC_WARN_UNINITIALIZED_AUTOS = YES_AGGRESSIVE;
				GCC_WARN_UNUSED_FUNCTION = YES;
				GCC_WARN_UNUSED_VARIABLE = YES;
				IPHONEOS_DEPLOYMENT_TARGET = 12.0;
				MTL_ENABLE_DEBUG_INFO = INCLUDE_SOURCE;
				MTL_FAST_MATH = YES;
				ONLY_ACTIVE_ARCH = YES;
				SDKROOT = iphoneos;
				SWIFT_ACTIVE_COMPILATION_CONDITIONS = DEBUG;
				SWIFT_OPTIMIZATION_LEVEL = "-Onone";
			};
			name = Debug;
		};
		30F37296218425FC00AF7DF5 /* Release */ = {
			isa = XCBuildConfiguration;
			buildSettings = {
				ALWAYS_SEARCH_USER_PATHS = NO;
				CLANG_ANALYZER_NONNULL = YES;
				CLANG_ANALYZER_NUMBER_OBJECT_CONVERSION = YES_AGGRESSIVE;
				CLANG_CXX_LANGUAGE_STANDARD = "gnu++14";
				CLANG_CXX_LIBRARY = "libc++";
				CLANG_ENABLE_MODULES = YES;
				CLANG_ENABLE_OBJC_ARC = YES;
				CLANG_ENABLE_OBJC_WEAK = YES;
				CLANG_WARN_BLOCK_CAPTURE_AUTORELEASING = YES;
				CLANG_WARN_BOOL_CONVERSION = YES;
				CLANG_WARN_COMMA = YES;
				CLANG_WARN_CONSTANT_CONVERSION = YES;
				CLANG_WARN_DEPRECATED_OBJC_IMPLEMENTATIONS = YES;
				CLANG_WARN_DIRECT_OBJC_ISA_USAGE = YES_ERROR;
				CLANG_WARN_DOCUMENTATION_COMMENTS = YES;
				CLANG_WARN_EMPTY_BODY = YES;
				CLANG_WARN_ENUM_CONVERSION = YES;
				CLANG_WARN_INFINITE_RECURSION = YES;
				CLANG_WARN_INT_CONVERSION = YES;
				CLANG_WARN_NON_LITERAL_NULL_CONVERSION = YES;
				CLANG_WARN_OBJC_IMPLICIT_RETAIN_SELF = YES;
				CLANG_WARN_OBJC_LITERAL_CONVERSION = YES;
				CLANG_WARN_OBJC_ROOT_CLASS = YES_ERROR;
				CLANG_WARN_RANGE_LOOP_ANALYSIS = YES;
				CLANG_WARN_STRICT_PROTOTYPES = YES;
				CLANG_WARN_SUSPICIOUS_MOVE = YES;
				CLANG_WARN_UNGUARDED_AVAILABILITY = YES_AGGRESSIVE;
				CLANG_WARN_UNREACHABLE_CODE = YES;
				CLANG_WARN__DUPLICATE_METHOD_MATCH = YES;
				CODE_SIGN_IDENTITY = "iPhone Developer";
				COPY_PHASE_STRIP = NO;
				DEBUG_INFORMATION_FORMAT = "dwarf-with-dsym";
				ENABLE_NS_ASSERTIONS = NO;
				ENABLE_STRICT_OBJC_MSGSEND = YES;
				GCC_C_LANGUAGE_STANDARD = gnu11;
				GCC_NO_COMMON_BLOCKS = YES;
				GCC_WARN_64_TO_32_BIT_CONVERSION = YES;
				GCC_WARN_ABOUT_RETURN_TYPE = YES_ERROR;
				GCC_WARN_UNDECLARED_SELECTOR = YES;
				GCC_WARN_UNINITIALIZED_AUTOS = YES_AGGRESSIVE;
				GCC_WARN_UNUSED_FUNCTION = YES;
				GCC_WARN_UNUSED_VARIABLE = YES;
				IPHONEOS_DEPLOYMENT_TARGET = 12.0;
				MTL_ENABLE_DEBUG_INFO = NO;
				MTL_FAST_MATH = YES;
				SDKROOT = iphoneos;
				SWIFT_COMPILATION_MODE = wholemodule;
				SWIFT_OPTIMIZATION_LEVEL = "-O";
				VALIDATE_PRODUCT = YES;
			};
			name = Release;
		};
		30F37298218425FC00AF7DF5 /* Debug */ = {
			isa = XCBuildConfiguration;
			buildSettings = {
				ASSETCATALOG_COMPILER_APPICON_NAME = AppIcon;
				CODE_SIGN_STYLE = Automatic;
				DEVELOPMENT_TEAM = 5YYVFA5U82;
				INFOPLIST_FILE = MaruBatuApp/Info.plist;
				LD_RUNPATH_SEARCH_PATHS = (
					"$(inherited)",
					"@executable_path/Frameworks",
				);
				PRODUCT_BUNDLE_IDENTIFIER = ykato.MaruBatuApp;
				PRODUCT_NAME = "$(TARGET_NAME)";
				SWIFT_VERSION = 4.2;
				TARGETED_DEVICE_FAMILY = "1,2";
			};
			name = Debug;
		};
		30F37299218425FC00AF7DF5 /* Release */ = {
			isa = XCBuildConfiguration;
			buildSettings = {
				ASSETCATALOG_COMPILER_APPICON_NAME = AppIcon;
				CODE_SIGN_STYLE = Automatic;
				DEVELOPMENT_TEAM = 5YYVFA5U82;
				INFOPLIST_FILE = MaruBatuApp/Info.plist;
				LD_RUNPATH_SEARCH_PATHS = (
					"$(inherited)",
					"@executable_path/Frameworks",
				);
				PRODUCT_BUNDLE_IDENTIFIER = ykato.MaruBatuApp;
				PRODUCT_NAME = "$(TARGET_NAME)";
				SWIFT_VERSION = 4.2;
				TARGETED_DEVICE_FAMILY = "1,2";
			};
			name = Release;
		};
/* End XCBuildConfiguration section */

/* Begin XCConfigurationList section */
		30F37280218425FA00AF7DF5 /* Build configuration list for PBXProject "MaruBatuApp" */ = {
			isa = XCConfigurationList;
			buildConfigurations = (
				30F37295218425FC00AF7DF5 /* Debug */,
				30F37296218425FC00AF7DF5 /* Release */,
			);
			defaultConfigurationIsVisible = 0;
			defaultConfigurationName = Release;
		};
		30F37297218425FC00AF7DF5 /* Build configuration list for PBXNativeTarget "MaruBatuApp" */ = {
			isa = XCConfigurationList;
			buildConfigurations = (
				30F37298218425FC00AF7DF5 /* Debug */,
				30F37299218425FC00AF7DF5 /* Release */,
			);
			defaultConfigurationIsVisible = 0;
			defaultConfigurationName = Release;
		};
/* End XCConfigurationList section */
	};
	rootObject = 30F3727D218425FA00AF7DF5 /* Project object */;
}
